github.com/BlackNovaTech/goJASM v1.3.1 h1:L2gIzQIuUZWYsRa5aI8P/KP9PcJ4YWQfkSvYRefmzgA=
github.com/BlackNovaTech/goJASM v1.3.1/go.mod h1:/ljFgMaJnFzoLNq3aipDr5dqxqmJckS84gs5PmSmRso=
github.com/op/go-logging v0.0.0-20160211212156-b2cb9fa56473 h1:J1QZwDXgZ4dJD2s19iqR9+U00OWM2kDzbf1O/fmvCWg=
github.com/op/go-logging v0.0.0-20160211212156-b2cb9fa56473/go.mod h1:HzydrMdWErDVzsI23lYNej1Htcns9BCg93Dk0bBINWk=
github.com/spf13/pflag v1.0.1 h1:aCvUg6QPl3ibpQUxyLkrEkCHtPqYJL4x9AuhqVqFis4=
github.com/spf13/pflag v1.0.1/go.mod h1:DYY7MBk1bdzusC3SYhjObp+wFpr4gzcvqqNjLnInEg4=
